
Microsoft Visual Studio Solution File, Format Version 12.00
# Visual Studio 15
VisualStudioVersion = 15.0.27130.2036
MinimumVisualStudioVersion = 10.0.40219.1
Project("{9A19103F-16F7-4668-BE54-9A1E7A4F7556}") = "Eventos.App", "Eventos.App\Eventos.App.csproj", "{A712E05D-44DC-496A-A4A2-B3045EAC2880}"
	ProjectSection(ProjectDependencies) = postProject
		{F630B780-3C55-420B-ACAF-5BEC8E8CED23} = {F630B780-3C55-420B-ACAF-5BEC8E8CED23}
		{266862F2-794C-40D4-9553-55705AA00076} = {266862F2-794C-40D4-9553-55705AA00076}
	EndProjectSection
EndProject
Project("{9A19103F-16F7-4668-BE54-9A1E7A4F7556}") = "Eventos.AcessoADados", "Eventos.AcessoADados\Eventos.AcessoADados.csproj", "{266862F2-794C-40D4-9553-55705AA00076}"
EndProject
Project("{FAE04EC0-301F-11D3-BF4B-00C04F79EFBC}") = "Eventos.RegrasDeNegocio", "Eventos.RegrasDeNegocio\Eventos.RegrasDeNegocio.csproj", "{F630B780-3C55-420B-ACAF-5BEC8E8CED23}"
	ProjectSection(ProjectDependencies) = postProject
		{266862F2-794C-40D4-9553-55705AA00076} = {266862F2-794C-40D4-9553-55705AA00076}
	EndProjectSection
EndProject
Global
	GlobalSection(SolutionConfigurationPlatforms) = preSolution
		Debug|Any CPU = Debug|Any CPU
		Release|Any CPU = Release|Any CPU
	EndGlobalSection
	GlobalSection(ProjectConfigurationPlatforms) = postSolution
		{A712E05D-44DC-496A-A4A2-B3045EAC2880}.Debug|Any CPU.ActiveCfg = Debug|Any CPU
		{A712E05D-44DC-496A-A4A2-B3045EAC2880}.Debug|Any CPU.Build.0 = Debug|Any CPU
		{A712E05D-44DC-496A-A4A2-B3045EAC2880}.Release|Any CPU.ActiveCfg = Release|Any CPU
		{A712E05D-44DC-496A-A4A2-B3045EAC2880}.Release|Any CPU.Build.0 = Release|Any CPU
		{266862F2-794C-40D4-9553-55705AA00076}.Debug|Any CPU.ActiveCfg = Debug|Any CPU
		{266862F2-794C-40D4-9553-55705AA00076}.Debug|Any CPU.Build.0 = Debug|Any CPU
		{266862F2-794C-40D4-9553-55705AA00076}.Release|Any CPU.ActiveCfg = Release|Any CPU
		{266862F2-794C-40D4-9553-55705AA00076}.Release|Any CPU.Build.0 = Release|Any CPU
		{F630B780-3C55-420B-ACAF-5BEC8E8CED23}.Debug|Any CPU.ActiveCfg = Debug|Any CPU
		{F630B780-3C55-420B-ACAF-5BEC8E8CED23}.Debug|Any CPU.Build.0 = Debug|Any CPU
		{F630B780-3C55-420B-ACAF-5BEC8E8CED23}.Release|Any CPU.ActiveCfg = Release|Any CPU
		{F630B780-3C55-420B-ACAF-5BEC8E8CED23}.Release|Any CPU.Build.0 = Release|Any CPU
	EndGlobalSection
	GlobalSection(SolutionProperties) = preSolution
		HideSolutionNode = FALSE
	EndGlobalSection
	GlobalSection(ExtensibilityGlobals) = postSolution
		SolutionGuid = {9C4FE321-995F-450C-BAC2-17DC6B4FB425}
	EndGlobalSection
EndGlobal
